
Microsoft Visual Studio Solution File, Format Version 12.00
Project("{FAE04EC0-301F-11D3-BF4B-00C04F79EFBC}") = "Lemming", "Lemming.csproj", "{C272B69B-8311-40D9-A6BC-B3E1129EAC21}"
EndProject
Global
	GlobalSection(SolutionConfigurationPlatforms) = preSolution
		Debug|Any CPU = Debug|Any CPU
		Release|Any CPU = Release|Any CPU
	EndGlobalSection
	GlobalSection(ProjectConfigurationPlatforms) = postSolution
		{C272B69B-8311-40D9-A6BC-B3E1129EAC21}.Debug|Any CPU.ActiveCfg = Debug|Any CPU
		{C272B69B-8311-40D9-A6BC-B3E1129EAC21}.Debug|Any CPU.Build.0 = Debug|Any CPU
		{C272B69B-8311-40D9-A6BC-B3E1129EAC21}.Release|Any CPU.ActiveCfg = Release|Any CPU
		{C272B69B-8311-40D9-A6BC-B3E1129EAC21}.Release|Any CPU.Build.0 = Release|Any CPU
	EndGlobalSection
EndGlobal
